{
  "originHash" : "ac1c6bd15fcabbebe13e9fefda7801b23212054256ee9ccc35e860d4f83360de",
  "pins" : [
    {
      "identity" : "digitentryview",
      "kind" : "remoteSourceControl",
      "location" : "https://github.com/iAmrMohamed/DigitEntryView",
      "state" : {
        "revision" : "00a1d4aa08103e168155da05cc20f3c2c394155c",
        "version" : "1.0.3"
      }
    },
    {
      "identity" : "grdb.swift",
      "kind" : "remoteSourceControl",
      "location" : "https://github.com/groue/GRDB.swift",
      "state" : {
        "branch" : "master",
        "revision" : "0aaa2a4f3774c3e0541adfa07465e4220f72d1c2"
      }
    },
    {
      "identity" : "iphonenumberfield",
      "kind" : "remoteSourceControl",
      "location" : "https://github.com/MojtabaHs/iPhoneNumberField",
      "state" : {
        "revision" : "cd961621559393c5220c6c955690ecc52318e753",
        "version" : "0.10.4"
      }
    },
    {
      "identity" : "phonenumberkit",
      "kind" : "remoteSourceControl",
      "location" : "https://github.com/marmelroy/PhoneNumberKit",
      "state" : {
        "revision" : "c107075aa8d394be7aced273a46e944afe8b321b",
        "version" : "3.8.0"
      }
    }
  ],
  "version" : 3
}
