{
  "originHash" : "839ddf00614f511aec576ee08b6759953ec274e8f8adacd94b28e5d422a43f97",
  "pins" : [
    {
      "identity" : "digitentryview",
      "kind" : "remoteSourceControl",
      "location" : "https://github.com/iAmrMohamed/DigitEntryView",
      "state" : {
        "revision" : "00a1d4aa08103e168155da05cc20f3c2c394155c",
        "version" : "1.0.3"
      }
    },
    {
      "identity" : "iphonenumberfield",
      "kind" : "remoteSourceControl",
      "location" : "https://github.com/MojtabaHs/iPhoneNumberField",
      "state" : {
        "revision" : "cd961621559393c5220c6c955690ecc52318e753",
        "version" : "0.10.4"
      }
    },
    {
      "identity" : "phonenumberkit",
      "kind" : "remoteSourceControl",
      "location" : "https://github.com/marmelroy/PhoneNumberKit",
      "state" : {
        "revision" : "c107075aa8d394be7aced273a46e944afe8b321b",
        "version" : "3.8.0"
      }
    }
  ],
  "version" : 3
}
