// !$*UTF8*$!
{
	archiveVersion = 1;
	classes = {
	};
	objectVersion = 77;
	objects = {

/* Begin PBXBuildFile section */
		2405959C2E4A13E300D6C3B5 /* GRDB in Frameworks */ = {isa = PBXBuildFile; productRef = 2405959B2E4A13E300D6C3B5 /* GRDB */; };
		2405959E2E4A13EB00D6C3B5 /* GRDB in Frameworks */ = {isa = PBXBuildFile; productRef = 2405959D2E4A13EB00D6C3B5 /* GRDB */; settings = {ATTRIBUTES = (Required, ); }; };
		242A1CD12D271CB300D5CD5E /* UIKit.framework in Frameworks */ = {isa = PBXBuildFile; fileRef = B76F620D2D040EB40092DA9E /* UIKit.framework */; };
		242A1FC52D274E8200D5CD5E /* iPhoneNumberField in Frameworks */ = {isa = PBXBuildFile; productRef = 242A1FC42D274E8200D5CD5E /* iPhoneNumberField */; };
		24B643B32E37A67300438A37 /* OTPView in Frameworks */ = {isa = PBXBuildFile; productRef = 24B643B22E37A67300438A37 /* OTPView */; };
		24B64BF32E4777BF00438A37 /* StoreKit.framework in Frameworks */ = {isa = PBXBuildFile; fileRef = 24B64BF22E4777BF00438A37 /* StoreKit.framework */; };
		24D625782E2D6937006AE72E /* DeviceActivityReport.appex in Embed ExtensionKit Extensions */ = {isa = PBXBuildFile; fileRef = B71551702CFABBF4000AFACB /* DeviceActivityReport.appex */; settings = {ATTRIBUTES = (RemoveHeadersOnCopy, ); }; };
		24D629432E351C7A006AE72E /* ConfidentialKit in Frameworks */ = {isa = PBXBuildFile; productRef = 24D629422E351C7A006AE72E /* ConfidentialKit */; };
		24EF2EC82E969C5900AD9B9A /* CountryPickerView in Frameworks */ = {isa = PBXBuildFile; productRef = 24EF2EC72E969C5900AD9B9A /* CountryPickerView */; };
		24F94A602E2D4A1000EA6FF4 /* DeviceActivity.framework in Frameworks */ = {isa = PBXBuildFile; fileRef = B71551012CF957FF000AFACB /* DeviceActivity.framework */; };
		A78D2F1F2DC46B6E001375B1 /* GRDB in Frameworks */ = {isa = PBXBuildFile; productRef = A78D2F1E2DC46B6E001375B1 /* GRDB */; };
		B71551412CF96667000AFACB /* DeviceActivity.framework in Frameworks */ = {isa = PBXBuildFile; fileRef = B71551012CF957FF000AFACB /* DeviceActivity.framework */; };
		B71551492CF96667000AFACB /* DeviceActivityMonitor.appex in Embed Foundation Extensions */ = {isa = PBXBuildFile; fileRef = B71551402CF96667000AFACB /* DeviceActivityMonitor.appex */; settings = {ATTRIBUTES = (RemoveHeadersOnCopy, ); }; };
		B7186B4D2D333920000723BE /* StoreKitConfig.storekit in Resources */ = {isa = PBXBuildFile; fileRef = B7186B4C2D333920000723BE /* StoreKitConfig.storekit */; };
		B76F61FE2D03FFE20092DA9E /* ManagedSettings.framework in Frameworks */ = {isa = PBXBuildFile; fileRef = B76F61FD2D03FFE20092DA9E /* ManagedSettings.framework */; };
		B76F62002D03FFE20092DA9E /* ManagedSettingsUI.framework in Frameworks */ = {isa = PBXBuildFile; fileRef = B76F61FF2D03FFE20092DA9E /* ManagedSettingsUI.framework */; };
		B76F62082D03FFE20092DA9E /* ShieldConfiguration.appex in Embed Foundation Extensions */ = {isa = PBXBuildFile; fileRef = B76F61FC2D03FFE20092DA9E /* ShieldConfiguration.appex */; settings = {ATTRIBUTES = (RemoveHeadersOnCopy, ); }; };
		B77B2DCE2DB9FAAC0018F685 /* ManagedSettings.framework in Frameworks */ = {isa = PBXBuildFile; fileRef = B76F61FD2D03FFE20092DA9E /* ManagedSettings.framework */; };
		B77B2DD62DB9FAAC0018F685 /* ShieldActionExtension.appex in Embed Foundation Extensions */ = {isa = PBXBuildFile; fileRef = B77B2DCD2DB9FAAB0018F685 /* ShieldActionExtension.appex */; settings = {ATTRIBUTES = (RemoveHeadersOnCopy, ); }; };
/* End PBXBuildFile section */

/* Begin PBXContainerItemProxy section */
		B71551472CF96667000AFACB /* PBXContainerItemProxy */ = {
			isa = PBXContainerItemProxy;
			containerPortal = B71550AF2CF9519F000AFACB /* Project object */;
			proxyType = 1;
			remoteGlobalIDString = B715513F2CF96667000AFACB;
			remoteInfo = deviceactivitymonitor;
		};
		B715517A2CFABBF4000AFACB /* PBXContainerItemProxy */ = {
			isa = PBXContainerItemProxy;
			containerPortal = B71550AF2CF9519F000AFACB /* Project object */;
			proxyType = 1;
			remoteGlobalIDString = B715516F2CFABBF4000AFACB;
			remoteInfo = deviceactivityreport;
		};
		B76F62062D03FFE20092DA9E /* PBXContainerItemProxy */ = {
			isa = PBXContainerItemProxy;
			containerPortal = B71550AF2CF9519F000AFACB /* Project object */;
			proxyType = 1;
			remoteGlobalIDString = B76F61FB2D03FFE20092DA9E;
			remoteInfo = shieldConfiguration;
		};
		B77B2DD42DB9FAAC0018F685 /* PBXContainerItemProxy */ = {
			isa = PBXContainerItemProxy;
			containerPortal = B71550AF2CF9519F000AFACB /* Project object */;
			proxyType = 1;
			remoteGlobalIDString = B77B2DCC2DB9FAAB0018F685;
			remoteInfo = ShieldActionExtension;
		};
/* End PBXContainerItemProxy section */

/* Begin PBXCopyFilesBuildPhase section */
		240595C22E4A150F00D6C3B5 /* Embed Frameworks */ = {
			isa = PBXCopyFilesBuildPhase;
			buildActionMask = 2147483647;
			dstPath = "";
			dstSubfolderSpec = 10;
			files = (
			);
			name = "Embed Frameworks";
			runOnlyForDeploymentPostprocessing = 0;
		};
		B71550FA2CF952F5000AFACB /* Embed ExtensionKit Extensions */ = {
			isa = PBXCopyFilesBuildPhase;
			buildActionMask = 12;
			dstPath = "$(EXTENSIONS_FOLDER_PATH)";
			dstSubfolderSpec = 16;
			files = (
				24D625782E2D6937006AE72E /* DeviceActivityReport.appex in Embed ExtensionKit Extensions */,
			);
			name = "Embed ExtensionKit Extensions";
			runOnlyForDeploymentPostprocessing = 0;
		};
		B715510F2CF957FF000AFACB /* Embed Foundation Extensions */ = {
			isa = PBXCopyFilesBuildPhase;
			buildActionMask = 12;
			dstPath = "";
			dstSubfolderSpec = 13;
			files = (
				B76F62082D03FFE20092DA9E /* ShieldConfiguration.appex in Embed Foundation Extensions */,
				B71551492CF96667000AFACB /* DeviceActivityMonitor.appex in Embed Foundation Extensions */,
				B77B2DD62DB9FAAC0018F685 /* ShieldActionExtension.appex in Embed Foundation Extensions */,
			);
			name = "Embed Foundation Extensions";
			runOnlyForDeploymentPostprocessing = 0;
		};
/* End PBXCopyFilesBuildPhase section */

/* Begin PBXFileReference section */
		24B64BF22E4777BF00438A37 /* StoreKit.framework */ = {isa = PBXFileReference; lastKnownFileType = wrapper.framework; name = StoreKit.framework; path = System/Library/Frameworks/StoreKit.framework; sourceTree = SDKROOT; };
		B71550B72CF9519F000AFACB /* Bonsai.app */ = {isa = PBXFileReference; explicitFileType = wrapper.application; includeInIndex = 0; path = Bonsai.app; sourceTree = BUILT_PRODUCTS_DIR; };
		B71551012CF957FF000AFACB /* DeviceActivity.framework */ = {isa = PBXFileReference; lastKnownFileType = wrapper.framework; name = DeviceActivity.framework; path = System/Library/Frameworks/DeviceActivity.framework; sourceTree = SDKROOT; };
		B71551402CF96667000AFACB /* DeviceActivityMonitor.appex */ = {isa = PBXFileReference; explicitFileType = "wrapper.app-extension"; includeInIndex = 0; path = DeviceActivityMonitor.appex; sourceTree = BUILT_PRODUCTS_DIR; };
		B71551702CFABBF4000AFACB /* DeviceActivityReport.appex */ = {isa = PBXFileReference; explicitFileType = "wrapper.extensionkit-extension"; includeInIndex = 0; path = DeviceActivityReport.appex; sourceTree = BUILT_PRODUCTS_DIR; };
		B7186B4C2D333920000723BE /* StoreKitConfig.storekit */ = {isa = PBXFileReference; lastKnownFileType = text; path = StoreKitConfig.storekit; sourceTree = "<group>"; };
		B76F61FC2D03FFE20092DA9E /* ShieldConfiguration.appex */ = {isa = PBXFileReference; explicitFileType = "wrapper.app-extension"; includeInIndex = 0; path = ShieldConfiguration.appex; sourceTree = BUILT_PRODUCTS_DIR; };
		B76F61FD2D03FFE20092DA9E /* ManagedSettings.framework */ = {isa = PBXFileReference; lastKnownFileType = wrapper.framework; name = ManagedSettings.framework; path = System/Library/Frameworks/ManagedSettings.framework; sourceTree = SDKROOT; };
		B76F61FF2D03FFE20092DA9E /* ManagedSettingsUI.framework */ = {isa = PBXFileReference; lastKnownFileType = wrapper.framework; name = ManagedSettingsUI.framework; path = System/Library/Frameworks/ManagedSettingsUI.framework; sourceTree = SDKROOT; };
		B76F620D2D040EB40092DA9E /* UIKit.framework */ = {isa = PBXFileReference; lastKnownFileType = wrapper.framework; name = UIKit.framework; path = System/Library/Frameworks/UIKit.framework; sourceTree = SDKROOT; };
		B77B2DCD2DB9FAAB0018F685 /* ShieldActionExtension.appex */ = {isa = PBXFileReference; explicitFileType = "wrapper.app-extension"; includeInIndex = 0; path = ShieldActionExtension.appex; sourceTree = BUILT_PRODUCTS_DIR; };
/* End PBXFileReference section */

/* Begin PBXFileSystemSynchronizedBuildFileExceptionSet section */
		247B0D832DC7DE3F001E772C /* Exceptions for "bonsai" folder in "ShieldActionExtension" target */ = {
			isa = PBXFileSystemSynchronizedBuildFileExceptionSet;
			membershipExceptions = (
				Static/DeviceActivityKeys.swift,
				Static/Extensions.swift,
				Static/GlobalStructs.swift,
				Static/LocalStorageKeys.swift,
				Static/Utils.swift,
			);
			target = B77B2DCC2DB9FAAB0018F685 /* ShieldActionExtension */;
		};
		24E3C57D2D5586D60087940E /* Exceptions for "bonsai" folder in "Bonsai" target */ = {
			isa = PBXFileSystemSynchronizedBuildFileExceptionSet;
			membershipExceptions = (
				Info.plist,
			);
			target = B71550B62CF9519F000AFACB /* Bonsai */;
		};
		B715514A2CF96667000AFACB /* Exceptions for "DeviceActivityMonitor" folder in "DeviceActivityMonitor" target */ = {
			isa = PBXFileSystemSynchronizedBuildFileExceptionSet;
			membershipExceptions = (
				Info.plist,
			);
			target = B715513F2CF96667000AFACB /* DeviceActivityMonitor */;
		};
		B715517D2CFABBF4000AFACB /* Exceptions for "DeviceActivityReport" folder in "DeviceActivityReport" target */ = {
			isa = PBXFileSystemSynchronizedBuildFileExceptionSet;
			membershipExceptions = (
				Info.plist,
			);
			target = B715516F2CFABBF4000AFACB /* DeviceActivityReport */;
		};
		B76F620B2D03FFE20092DA9E /* Exceptions for "ShieldConfiguration" folder in "ShieldConfiguration" target */ = {
			isa = PBXFileSystemSynchronizedBuildFileExceptionSet;
			membershipExceptions = (
				Info.plist,
			);
			target = B76F61FB2D03FFE20092DA9E /* ShieldConfiguration */;
		};
		B77B2DDA2DB9FAAC0018F685 /* Exceptions for "ShieldActionExtension" folder in "ShieldActionExtension" target */ = {
			isa = PBXFileSystemSynchronizedBuildFileExceptionSet;
			membershipExceptions = (
				Info.plist,
			);
			target = B77B2DCC2DB9FAAB0018F685 /* ShieldActionExtension */;
		};
		B7F0144C2D238F09002BB521 /* Exceptions for "bonsai" folder in "DeviceActivityMonitor" target */ = {
			isa = PBXFileSystemSynchronizedBuildFileExceptionSet;
			membershipExceptions = (
				LocalDatabase/Entities.swift,
				LocalDatabase/LocalDatabase.swift,
				"LocalDatabase/LocalDatabase+Migrator.swift",
				"LocalDatabase/LocalDatabase+Persistent.swift",
				LocalDatabase/Services/BoundaryService.swift,
				LocalDatabase/Services/SentExtensionCodeService.swift,
				Static/DeviceActivityKeys.swift,
				Static/Extensions.swift,
				Static/GlobalStructs.swift,
				Static/LocalStorageKeys.swift,
				Static/Utils.swift,
			);
			target = B715513F2CF96667000AFACB /* DeviceActivityMonitor */;
		};
		B7F0144D2D238F09002BB521 /* Exceptions for "bonsai" folder in "DeviceActivityReport" target */ = {
			isa = PBXFileSystemSynchronizedBuildFileExceptionSet;
			membershipExceptions = (
				LocalDatabase/Entities.swift,
				LocalDatabase/LocalDatabase.swift,
				"LocalDatabase/LocalDatabase+Migrator.swift",
				"LocalDatabase/LocalDatabase+Persistent.swift",
				LocalDatabase/Services/BoundaryService.swift,
				LocalDatabase/Services/SentExtensionCodeService.swift,
				Static/DeviceActivityKeys.swift,
				Static/Extensions.swift,
				Static/GlobalStructs.swift,
				Static/LocalStorageKeys.swift,
				Static/Utils.swift,
			);
			target = B715516F2CFABBF4000AFACB /* DeviceActivityReport */;
		};
		B7F0144E2D238F09002BB521 /* Exceptions for "bonsai" folder in "ShieldConfiguration" target */ = {
			isa = PBXFileSystemSynchronizedBuildFileExceptionSet;
			membershipExceptions = (
				Assets.xcassets,
				Static/DeviceActivityKeys.swift,
				Static/Extensions.swift,
				Static/GlobalStructs.swift,
				Static/LocalStorageKeys.swift,
				Static/Utils.swift,
			);
			target = B76F61FB2D03FFE20092DA9E /* ShieldConfiguration */;
		};
/* End PBXFileSystemSynchronizedBuildFileExceptionSet section */

/* Begin PBXFileSystemSynchronizedRootGroup section */
		24EF2FD22E96A98F00AD9B9A /* iPhoneNumberField */ = {
			isa = PBXFileSystemSynchronizedRootGroup;
			path = iPhoneNumberField;
			sourceTree = "<group>";
		};
		B71550B92CF9519F000AFACB /* bonsai */ = {
			isa = PBXFileSystemSynchronizedRootGroup;
			exceptions = (
				24E3C57D2D5586D60087940E /* Exceptions for "bonsai" folder in "Bonsai" target */,
				B7F0144C2D238F09002BB521 /* Exceptions for "bonsai" folder in "DeviceActivityMonitor" target */,
				B7F0144D2D238F09002BB521 /* Exceptions for "bonsai" folder in "DeviceActivityReport" target */,
				B7F0144E2D238F09002BB521 /* Exceptions for "bonsai" folder in "ShieldConfiguration" target */,
				247B0D832DC7DE3F001E772C /* Exceptions for "bonsai" folder in "ShieldActionExtension" target */,
			);
			path = bonsai;
			sourceTree = "<group>";
		};
		B71551422CF96667000AFACB /* DeviceActivityMonitor */ = {
			isa = PBXFileSystemSynchronizedRootGroup;
			exceptions = (
				B715514A2CF96667000AFACB /* Exceptions for "DeviceActivityMonitor" folder in "DeviceActivityMonitor" target */,
			);
			path = DeviceActivityMonitor;
			sourceTree = "<group>";
		};
		B71551712CFABBF4000AFACB /* DeviceActivityReport */ = {
			isa = PBXFileSystemSynchronizedRootGroup;
			exceptions = (
				B715517D2CFABBF4000AFACB /* Exceptions for "DeviceActivityReport" folder in "DeviceActivityReport" target */,
			);
			path = DeviceActivityReport;
			sourceTree = "<group>";
		};
		B76F62012D03FFE20092DA9E /* ShieldConfiguration */ = {
			isa = PBXFileSystemSynchronizedRootGroup;
			exceptions = (
				B76F620B2D03FFE20092DA9E /* Exceptions for "ShieldConfiguration" folder in "ShieldConfiguration" target */,
			);
			path = ShieldConfiguration;
			sourceTree = "<group>";
		};
		B77B2DCF2DB9FAAC0018F685 /* ShieldActionExtension */ = {
			isa = PBXFileSystemSynchronizedRootGroup;
			exceptions = (
				B77B2DDA2DB9FAAC0018F685 /* Exceptions for "ShieldActionExtension" folder in "ShieldActionExtension" target */,
			);
			path = ShieldActionExtension;
			sourceTree = "<group>";
		};
/* End PBXFileSystemSynchronizedRootGroup section */

/* Begin PBXFrameworksBuildPhase section */
		B71550B42CF9519F000AFACB /* Frameworks */ = {
			isa = PBXFrameworksBuildPhase;
			buildActionMask = 2147483647;
			files = (
				24D629432E351C7A006AE72E /* ConfidentialKit in Frameworks */,
				24B643B32E37A67300438A37 /* OTPView in Frameworks */,
				24EF2EC82E969C5900AD9B9A /* CountryPickerView in Frameworks */,
				24B64BF32E4777BF00438A37 /* StoreKit.framework in Frameworks */,
				A78D2F1F2DC46B6E001375B1 /* GRDB in Frameworks */,
				242A1FC52D274E8200D5CD5E /* iPhoneNumberField in Frameworks */,
			);
			runOnlyForDeploymentPostprocessing = 0;
		};
		B715513D2CF96667000AFACB /* Frameworks */ = {
			isa = PBXFrameworksBuildPhase;
			buildActionMask = 2147483647;
			files = (
				B71551412CF96667000AFACB /* DeviceActivity.framework in Frameworks */,
				2405959C2E4A13E300D6C3B5 /* GRDB in Frameworks */,
			);
			runOnlyForDeploymentPostprocessing = 0;
		};
		B715516D2CFABBF4000AFACB /* Frameworks */ = {
			isa = PBXFrameworksBuildPhase;
			buildActionMask = 2147483647;
			files = (
				24F94A602E2D4A1000EA6FF4 /* DeviceActivity.framework in Frameworks */,
				2405959E2E4A13EB00D6C3B5 /* GRDB in Frameworks */,
			);
			runOnlyForDeploymentPostprocessing = 0;
		};
		B76F61F92D03FFE20092DA9E /* Frameworks */ = {
			isa = PBXFrameworksBuildPhase;
			buildActionMask = 2147483647;
			files = (
				B76F61FE2D03FFE20092DA9E /* ManagedSettings.framework in Frameworks */,
				242A1CD12D271CB300D5CD5E /* UIKit.framework in Frameworks */,
				B76F62002D03FFE20092DA9E /* ManagedSettingsUI.framework in Frameworks */,
			);
			runOnlyForDeploymentPostprocessing = 0;
		};
		B77B2DCA2DB9FAAB0018F685 /* Frameworks */ = {
			isa = PBXFrameworksBuildPhase;
			buildActionMask = 2147483647;
			files = (
				B77B2DCE2DB9FAAC0018F685 /* ManagedSettings.framework in Frameworks */,
			);
			runOnlyForDeploymentPostprocessing = 0;
		};
/* End PBXFrameworksBuildPhase section */

/* Begin PBXGroup section */
		B71550AE2CF9519F000AFACB = {
			isa = PBXGroup;
			children = (
				24EF2FD22E96A98F00AD9B9A /* iPhoneNumberField */,
				B7186B4C2D333920000723BE /* StoreKitConfig.storekit */,
				B71550B92CF9519F000AFACB /* bonsai */,
				B71551422CF96667000AFACB /* DeviceActivityMonitor */,
				B71551712CFABBF4000AFACB /* DeviceActivityReport */,
				B76F62012D03FFE20092DA9E /* ShieldConfiguration */,
				B77B2DCF2DB9FAAC0018F685 /* ShieldActionExtension */,
				B71551002CF957FF000AFACB /* Frameworks */,
				B71550B82CF9519F000AFACB /* Products */,
			);
			sourceTree = "<group>";
		};
		B71550B82CF9519F000AFACB /* Products */ = {
			isa = PBXGroup;
			children = (
				B71550B72CF9519F000AFACB /* Bonsai.app */,
				B71551402CF96667000AFACB /* DeviceActivityMonitor.appex */,
				B71551702CFABBF4000AFACB /* DeviceActivityReport.appex */,
				B76F61FC2D03FFE20092DA9E /* ShieldConfiguration.appex */,
				B77B2DCD2DB9FAAB0018F685 /* ShieldActionExtension.appex */,
			);
			name = Products;
			sourceTree = "<group>";
		};
		B71551002CF957FF000AFACB /* Frameworks */ = {
			isa = PBXGroup;
			children = (
				24B64BF22E4777BF00438A37 /* StoreKit.framework */,
				B76F620D2D040EB40092DA9E /* UIKit.framework */,
				B71551012CF957FF000AFACB /* DeviceActivity.framework */,
				B76F61FD2D03FFE20092DA9E /* ManagedSettings.framework */,
				B76F61FF2D03FFE20092DA9E /* ManagedSettingsUI.framework */,
			);
			name = Frameworks;
			sourceTree = "<group>";
		};
/* End PBXGroup section */

/* Begin PBXNativeTarget section */
		B71550B62CF9519F000AFACB /* Bonsai */ = {
			isa = PBXNativeTarget;
			buildConfigurationList = B71550DB2CF951A0000AFACB /* Build configuration list for PBXNativeTarget "Bonsai" */;
			buildPhases = (
				B71550B32CF9519F000AFACB /* Sources */,
				B71550B42CF9519F000AFACB /* Frameworks */,
				B71550B52CF9519F000AFACB /* Resources */,
				B71550FA2CF952F5000AFACB /* Embed ExtensionKit Extensions */,
				B715510F2CF957FF000AFACB /* Embed Foundation Extensions */,
				240595C22E4A150F00D6C3B5 /* Embed Frameworks */,
			);
			buildRules = (
			);
			dependencies = (
				24D629462E351CCD006AE72E /* PBXTargetDependency */,
				B71551482CF96667000AFACB /* PBXTargetDependency */,
				B715517B2CFABBF4000AFACB /* PBXTargetDependency */,
				B76F62072D03FFE20092DA9E /* PBXTargetDependency */,
				B77B2DD52DB9FAAC0018F685 /* PBXTargetDependency */,
			);
			fileSystemSynchronizedGroups = (
				24EF2FD22E96A98F00AD9B9A /* iPhoneNumberField */,
				B71550B92CF9519F000AFACB /* bonsai */,
			);
			name = Bonsai;
			packageProductDependencies = (
				242A1FC42D274E8200D5CD5E /* iPhoneNumberField */,
				A78D2F1E2DC46B6E001375B1 /* GRDB */,
				24D629422E351C7A006AE72E /* ConfidentialKit */,
				24B643B22E37A67300438A37 /* OTPView */,
				24EF2EC72E969C5900AD9B9A /* CountryPickerView */,
			);
			productName = bonsaitest;
			productReference = B71550B72CF9519F000AFACB /* Bonsai.app */;
			productType = "com.apple.product-type.application";
		};
		B715513F2CF96667000AFACB /* DeviceActivityMonitor */ = {
			isa = PBXNativeTarget;
			buildConfigurationList = B715514B2CF96667000AFACB /* Build configuration list for PBXNativeTarget "DeviceActivityMonitor" */;
			buildPhases = (
				B715513C2CF96667000AFACB /* Sources */,
				B715513D2CF96667000AFACB /* Frameworks */,
				B715513E2CF96667000AFACB /* Resources */,
			);
			buildRules = (
			);
			dependencies = (
			);
			fileSystemSynchronizedGroups = (
				B71551422CF96667000AFACB /* DeviceActivityMonitor */,
			);
			name = DeviceActivityMonitor;
			packageProductDependencies = (
				2405959B2E4A13E300D6C3B5 /* GRDB */,
			);
			productName = deviceactivitymonitor;
			productReference = B71551402CF96667000AFACB /* DeviceActivityMonitor.appex */;
			productType = "com.apple.product-type.app-extension";
		};
		B715516F2CFABBF4000AFACB /* DeviceActivityReport */ = {
			isa = PBXNativeTarget;
			buildConfigurationList = B715517E2CFABBF4000AFACB /* Build configuration list for PBXNativeTarget "DeviceActivityReport" */;
			buildPhases = (
				B715516C2CFABBF4000AFACB /* Sources */,
				B715516D2CFABBF4000AFACB /* Frameworks */,
				B715516E2CFABBF4000AFACB /* Resources */,
			);
			buildRules = (
			);
			dependencies = (
			);
			fileSystemSynchronizedGroups = (
				B71551712CFABBF4000AFACB /* DeviceActivityReport */,
			);
			name = DeviceActivityReport;
			packageProductDependencies = (
				2405959D2E4A13EB00D6C3B5 /* GRDB */,
			);
			productName = deviceactivityreport;
			productReference = B71551702CFABBF4000AFACB /* DeviceActivityReport.appex */;
			productType = "com.apple.product-type.extensionkit-extension";
		};
		B76F61FB2D03FFE20092DA9E /* ShieldConfiguration */ = {
			isa = PBXNativeTarget;
			buildConfigurationList = B76F620C2D03FFE20092DA9E /* Build configuration list for PBXNativeTarget "ShieldConfiguration" */;
			buildPhases = (
				B76F61F82D03FFE20092DA9E /* Sources */,
				B76F61F92D03FFE20092DA9E /* Frameworks */,
				B76F61FA2D03FFE20092DA9E /* Resources */,
			);
			buildRules = (
			);
			dependencies = (
			);
			fileSystemSynchronizedGroups = (
				B76F62012D03FFE20092DA9E /* ShieldConfiguration */,
			);
			name = ShieldConfiguration;
			packageProductDependencies = (
			);
			productName = shieldConfiguration;
			productReference = B76F61FC2D03FFE20092DA9E /* ShieldConfiguration.appex */;
			productType = "com.apple.product-type.app-extension";
		};
		B77B2DCC2DB9FAAB0018F685 /* ShieldActionExtension */ = {
			isa = PBXNativeTarget;
			buildConfigurationList = B77B2DD72DB9FAAC0018F685 /* Build configuration list for PBXNativeTarget "ShieldActionExtension" */;
			buildPhases = (
				B77B2DC92DB9FAAB0018F685 /* Sources */,
				B77B2DCA2DB9FAAB0018F685 /* Frameworks */,
				B77B2DCB2DB9FAAB0018F685 /* Resources */,
			);
			buildRules = (
			);
			dependencies = (
			);
			fileSystemSynchronizedGroups = (
				B77B2DCF2DB9FAAC0018F685 /* ShieldActionExtension */,
			);
			name = ShieldActionExtension;
			packageProductDependencies = (
			);
			productName = ShieldActionExtension;
			productReference = B77B2DCD2DB9FAAB0018F685 /* ShieldActionExtension.appex */;
			productType = "com.apple.product-type.app-extension";
		};
/* End PBXNativeTarget section */

/* Begin PBXProject section */
		B71550AF2CF9519F000AFACB /* Project object */ = {
			isa = PBXProject;
			attributes = {
				BuildIndependentTargetsInParallel = 1;
				LastSwiftUpdateCheck = 1620;
				LastUpgradeCheck = 1610;
				ORGANIZATIONNAME = "Bonsai Software Incorporated";
				TargetAttributes = {
					B71550B62CF9519F000AFACB = {
						CreatedOnToolsVersion = 16.1;
					};
					B715513F2CF96667000AFACB = {
						CreatedOnToolsVersion = 16.1;
					};
					B715516F2CFABBF4000AFACB = {
						CreatedOnToolsVersion = 16.1;
					};
					B76F61FB2D03FFE20092DA9E = {
						CreatedOnToolsVersion = 16.1;
					};
					B77B2DCC2DB9FAAB0018F685 = {
						CreatedOnToolsVersion = 16.2;
					};
				};
			};
			buildConfigurationList = B71550B22CF9519F000AFACB /* Build configuration list for PBXProject "bonsai" */;
			developmentRegion = en;
			hasScannedForEncodings = 0;
			knownRegions = (
				en,
				Base,
			);
			mainGroup = B71550AE2CF9519F000AFACB;
			minimizedProjectReferenceProxies = 1;
			packageReferences = (
				242A1FC32D274E5200D5CD5E /* XCRemoteSwiftPackageReference "iPhoneNumberField" */,
				A78D2F1D2DC46B6E001375B1 /* XCRemoteSwiftPackageReference "GRDB" */,
				24D629412E351C7A006AE72E /* XCRemoteSwiftPackageReference "swift-confidential" */,
				24D629442E351CAA006AE72E /* XCRemoteSwiftPackageReference "swift-confidential-plugin" */,
				24B643B12E37A67300438A37 /* XCRemoteSwiftPackageReference "otpview-swiftui" */,
				24EF2EC62E969C5900AD9B9A /* XCRemoteSwiftPackageReference "CountryPickerView" */,
			);
			preferredProjectObjectVersion = 77;
			productRefGroup = B71550B82CF9519F000AFACB /* Products */;
			projectDirPath = "";
			projectRoot = "";
			targets = (
				B71550B62CF9519F000AFACB /* Bonsai */,
				B715513F2CF96667000AFACB /* DeviceActivityMonitor */,
				B715516F2CFABBF4000AFACB /* DeviceActivityReport */,
				B76F61FB2D03FFE20092DA9E /* ShieldConfiguration */,
				B77B2DCC2DB9FAAB0018F685 /* ShieldActionExtension */,
			);
		};
/* End PBXProject section */

/* Begin PBXResourcesBuildPhase section */
		B71550B52CF9519F000AFACB /* Resources */ = {
			isa = PBXResourcesBuildPhase;
			buildActionMask = 2147483647;
			files = (
				B7186B4D2D333920000723BE /* StoreKitConfig.storekit in Resources */,
			);
			runOnlyForDeploymentPostprocessing = 0;
		};
		B715513E2CF96667000AFACB /* Resources */ = {
			isa = PBXResourcesBuildPhase;
			buildActionMask = 2147483647;
			files = (
			);
			runOnlyForDeploymentPostprocessing = 0;
		};
		B715516E2CFABBF4000AFACB /* Resources */ = {
			isa = PBXResourcesBuildPhase;
			buildActionMask = 2147483647;
			files = (
			);
			runOnlyForDeploymentPostprocessing = 0;
		};
		B76F61FA2D03FFE20092DA9E /* Resources */ = {
			isa = PBXResourcesBuildPhase;
			buildActionMask = 2147483647;
			files = (
			);
			runOnlyForDeploymentPostprocessing = 0;
		};
		B77B2DCB2DB9FAAB0018F685 /* Resources */ = {
			isa = PBXResourcesBuildPhase;
			buildActionMask = 2147483647;
			files = (
			);
			runOnlyForDeploymentPostprocessing = 0;
		};
/* End PBXResourcesBuildPhase section */

/* Begin PBXSourcesBuildPhase section */
		B71550B32CF9519F000AFACB /* Sources */ = {
			isa = PBXSourcesBuildPhase;
			buildActionMask = 2147483647;
			files = (
			);
			runOnlyForDeploymentPostprocessing = 0;
		};
		B715513C2CF96667000AFACB /* Sources */ = {
			isa = PBXSourcesBuildPhase;
			buildActionMask = 2147483647;
			files = (
			);
			runOnlyForDeploymentPostprocessing = 0;
		};
		B715516C2CFABBF4000AFACB /* Sources */ = {
			isa = PBXSourcesBuildPhase;
			buildActionMask = 2147483647;
			files = (
			);
			runOnlyForDeploymentPostprocessing = 0;
		};
		B76F61F82D03FFE20092DA9E /* Sources */ = {
			isa = PBXSourcesBuildPhase;
			buildActionMask = 2147483647;
			files = (
			);
			runOnlyForDeploymentPostprocessing = 0;
		};
		B77B2DC92DB9FAAB0018F685 /* Sources */ = {
			isa = PBXSourcesBuildPhase;
			buildActionMask = 2147483647;
			files = (
			);
			runOnlyForDeploymentPostprocessing = 0;
		};
/* End PBXSourcesBuildPhase section */

/* Begin PBXTargetDependency section */
		24D629462E351CCD006AE72E /* PBXTargetDependency */ = {
			isa = PBXTargetDependency;
			productRef = 24D629452E351CCD006AE72E /* Confidential */;
		};
		B71551482CF96667000AFACB /* PBXTargetDependency */ = {
			isa = PBXTargetDependency;
			target = B715513F2CF96667000AFACB /* DeviceActivityMonitor */;
			targetProxy = B71551472CF96667000AFACB /* PBXContainerItemProxy */;
		};
		B715517B2CFABBF4000AFACB /* PBXTargetDependency */ = {
			isa = PBXTargetDependency;
			target = B715516F2CFABBF4000AFACB /* DeviceActivityReport */;
			targetProxy = B715517A2CFABBF4000AFACB /* PBXContainerItemProxy */;
		};
		B76F62072D03FFE20092DA9E /* PBXTargetDependency */ = {
			isa = PBXTargetDependency;
			target = B76F61FB2D03FFE20092DA9E /* ShieldConfiguration */;
			targetProxy = B76F62062D03FFE20092DA9E /* PBXContainerItemProxy */;
		};
		B77B2DD52DB9FAAC0018F685 /* PBXTargetDependency */ = {
			isa = PBXTargetDependency;
			target = B77B2DCC2DB9FAAB0018F685 /* ShieldActionExtension */;
			targetProxy = B77B2DD42DB9FAAC0018F685 /* PBXContainerItemProxy */;
		};
/* End PBXTargetDependency section */

/* Begin XCBuildConfiguration section */
		B71550D92CF951A0000AFACB /* Debug */ = {
			isa = XCBuildConfiguration;
			buildSettings = {
				ALWAYS_SEARCH_USER_PATHS = NO;
				ASSETCATALOG_COMPILER_GENERATE_SWIFT_ASSET_SYMBOL_EXTENSIONS = YES;
				CLANG_ANALYZER_NONNULL = YES;
				CLANG_ANALYZER_NUMBER_OBJECT_CONVERSION = YES_AGGRESSIVE;
				CLANG_CXX_LANGUAGE_STANDARD = "gnu++20";
				CLANG_ENABLE_MODULES = YES;
				CLANG_ENABLE_OBJC_ARC = YES;
				CLANG_ENABLE_OBJC_WEAK = YES;
				CLANG_WARN_BLOCK_CAPTURE_AUTORELEASING = YES;
				CLANG_WARN_BOOL_CONVERSION = YES;
				CLANG_WARN_COMMA = YES;
				CLANG_WARN_CONSTANT_CONVERSION = YES;
				CLANG_WARN_DEPRECATED_OBJC_IMPLEMENTATIONS = YES;
				CLANG_WARN_DIRECT_OBJC_ISA_USAGE = YES_ERROR;
				CLANG_WARN_DOCUMENTATION_COMMENTS = YES;
				CLANG_WARN_EMPTY_BODY = YES;
				CLANG_WARN_ENUM_CONVERSION = YES;
				CLANG_WARN_INFINITE_RECURSION = YES;
				CLANG_WARN_INT_CONVERSION = YES;
				CLANG_WARN_NON_LITERAL_NULL_CONVERSION = YES;
				CLANG_WARN_OBJC_IMPLICIT_RETAIN_SELF = YES;
				CLANG_WARN_OBJC_LITERAL_CONVERSION = YES;
				CLANG_WARN_OBJC_ROOT_CLASS = YES_ERROR;
				CLANG_WARN_QUOTED_INCLUDE_IN_FRAMEWORK_HEADER = YES;
				CLANG_WARN_RANGE_LOOP_ANALYSIS = YES;
				CLANG_WARN_STRICT_PROTOTYPES = YES;
				CLANG_WARN_SUSPICIOUS_MOVE = YES;
				CLANG_WARN_UNGUARDED_AVAILABILITY = YES_AGGRESSIVE;
				CLANG_WARN_UNREACHABLE_CODE = YES;
				CLANG_WARN__DUPLICATE_METHOD_MATCH = YES;
				CODE_SIGN_IDENTITY = "Apple Development";
				COPY_PHASE_STRIP = NO;
				DEBUG_INFORMATION_FORMAT = dwarf;
				ENABLE_STRICT_OBJC_MSGSEND = YES;
				ENABLE_TESTABILITY = YES;
				ENABLE_USER_SCRIPT_SANDBOXING = YES;
				GCC_C_LANGUAGE_STANDARD = gnu17;
				GCC_DYNAMIC_NO_PIC = NO;
				GCC_NO_COMMON_BLOCKS = YES;
				GCC_OPTIMIZATION_LEVEL = 0;
				GCC_PREPROCESSOR_DEFINITIONS = (
					"DEBUG=1",
					"$(inherited)",
				);
				GCC_WARN_64_TO_32_BIT_CONVERSION = YES;
				GCC_WARN_ABOUT_RETURN_TYPE = YES_ERROR;
				GCC_WARN_UNDECLARED_SELECTOR = YES;
				GCC_WARN_UNINITIALIZED_AUTOS = YES_AGGRESSIVE;
				GCC_WARN_UNUSED_FUNCTION = YES;
				GCC_WARN_UNUSED_VARIABLE = YES;
				IPHONEOS_DEPLOYMENT_TARGET = 18.0;
				LOCALIZATION_PREFERS_STRING_CATALOGS = YES;
				MTL_ENABLE_DEBUG_INFO = INCLUDE_SOURCE;
				MTL_FAST_MATH = YES;
				ONLY_ACTIVE_ARCH = YES;
				SDKROOT = iphoneos;
				SWIFT_ACTIVE_COMPILATION_CONDITIONS = "DEBUG $(inherited)";
				SWIFT_OPTIMIZATION_LEVEL = "-Onone";
			};
			name = Debug;
		};
		B71550DA2CF951A0000AFACB /* Release */ = {
			isa = XCBuildConfiguration;
			buildSettings = {
				ALWAYS_SEARCH_USER_PATHS = NO;
				ASSETCATALOG_COMPILER_GENERATE_SWIFT_ASSET_SYMBOL_EXTENSIONS = YES;
				CLANG_ANALYZER_NONNULL = YES;
				CLANG_ANALYZER_NUMBER_OBJECT_CONVERSION = YES_AGGRESSIVE;
				CLANG_CXX_LANGUAGE_STANDARD = "gnu++20";
				CLANG_ENABLE_MODULES = YES;
				CLANG_ENABLE_OBJC_ARC = YES;
				CLANG_ENABLE_OBJC_WEAK = YES;
				CLANG_WARN_BLOCK_CAPTURE_AUTORELEASING = YES;
				CLANG_WARN_BOOL_CONVERSION = YES;
				CLANG_WARN_COMMA = YES;
				CLANG_WARN_CONSTANT_CONVERSION = YES;
				CLANG_WARN_DEPRECATED_OBJC_IMPLEMENTATIONS = YES;
				CLANG_WARN_DIRECT_OBJC_ISA_USAGE = YES_ERROR;
				CLANG_WARN_DOCUMENTATION_COMMENTS = YES;
				CLANG_WARN_EMPTY_BODY = YES;
				CLANG_WARN_ENUM_CONVERSION = YES;
				CLANG_WARN_INFINITE_RECURSION = YES;
				CLANG_WARN_INT_CONVERSION = YES;
				CLANG_WARN_NON_LITERAL_NULL_CONVERSION = YES;
				CLANG_WARN_OBJC_IMPLICIT_RETAIN_SELF = YES;
				CLANG_WARN_OBJC_LITERAL_CONVERSION = YES;
				CLANG_WARN_OBJC_ROOT_CLASS = YES_ERROR;
				CLANG_WARN_QUOTED_INCLUDE_IN_FRAMEWORK_HEADER = YES;
				CLANG_WARN_RANGE_LOOP_ANALYSIS = YES;
				CLANG_WARN_STRICT_PROTOTYPES = YES;
				CLANG_WARN_SUSPICIOUS_MOVE = YES;
				CLANG_WARN_UNGUARDED_AVAILABILITY = YES_AGGRESSIVE;
				CLANG_WARN_UNREACHABLE_CODE = YES;
				CLANG_WARN__DUPLICATE_METHOD_MATCH = YES;
				CODE_SIGN_IDENTITY = "Apple Development";
				COPY_PHASE_STRIP = NO;
				DEBUG_INFORMATION_FORMAT = "dwarf-with-dsym";
				ENABLE_NS_ASSERTIONS = NO;
				ENABLE_STRICT_OBJC_MSGSEND = YES;
				ENABLE_USER_SCRIPT_SANDBOXING = YES;
				GCC_C_LANGUAGE_STANDARD = gnu17;
				GCC_NO_COMMON_BLOCKS = YES;
				GCC_WARN_64_TO_32_BIT_CONVERSION = YES;
				GCC_WARN_ABOUT_RETURN_TYPE = YES_ERROR;
				GCC_WARN_UNDECLARED_SELECTOR = YES;
				GCC_WARN_UNINITIALIZED_AUTOS = YES_AGGRESSIVE;
				GCC_WARN_UNUSED_FUNCTION = YES;
				GCC_WARN_UNUSED_VARIABLE = YES;
				IPHONEOS_DEPLOYMENT_TARGET = 18.0;
				LOCALIZATION_PREFERS_STRING_CATALOGS = YES;
				MTL_ENABLE_DEBUG_INFO = NO;
				MTL_FAST_MATH = YES;
				SDKROOT = iphoneos;
				SWIFT_COMPILATION_MODE = wholemodule;
				VALIDATE_PRODUCT = YES;
			};
			name = Release;
		};
		B71550DC2CF951A0000AFACB /* Debug */ = {
			isa = XCBuildConfiguration;
			buildSettings = {
				ASSETCATALOG_COMPILER_APPICON_NAME = AppIcon;
				ASSETCATALOG_COMPILER_GLOBAL_ACCENT_COLOR_NAME = AccentColor;
				ASSETCATALOG_COMPILER_INCLUDE_ALL_APPICON_ASSETS = NO;
				CODE_SIGN_ENTITLEMENTS = bonsai/bonsai.entitlements;
				CODE_SIGN_IDENTITY = "Apple Development";
				CODE_SIGN_STYLE = Automatic;
				CURRENT_PROJECT_VERSION = 1;
				DEVELOPMENT_ASSET_PATHS = "\"bonsai/Preview Content\"";
				DEVELOPMENT_TEAM = KGKP88X28G;
				ENABLE_PREVIEWS = YES;
				GENERATE_INFOPLIST_FILE = YES;
				INFOPLIST_FILE = bonsai/Info.plist;
				INFOPLIST_KEY_CFBundleDisplayName = Bonsai;
				INFOPLIST_KEY_LSApplicationCategoryType = "public.app-category.productivity";
				INFOPLIST_KEY_NSLocalNetworkUsageDescription = "This app requires access to local network resources to communicate with nearby devices.";
				INFOPLIST_KEY_NSNearbyInteractionUsageDescription = "This app requires access to local network resources to communicate with nearby devices.";
				INFOPLIST_KEY_UIApplicationSceneManifest_Generation = YES;
				INFOPLIST_KEY_UIApplicationSupportsIndirectInputEvents = YES;
				INFOPLIST_KEY_UILaunchScreen_Generation = YES;
				INFOPLIST_KEY_UISupportedInterfaceOrientations = UIInterfaceOrientationPortrait;
				IPHONEOS_DEPLOYMENT_TARGET = 18.0;
				LD_RUNPATH_SEARCH_PATHS = (
					"$(inherited)",
					"@executable_path/Frameworks",
				);
				MARKETING_VERSION = 1.0;
				PRODUCT_BUNDLE_IDENTIFIER = com.bonsai.inc;
				PRODUCT_NAME = "$(TARGET_NAME)";
				PROVISIONING_PROFILE_SPECIFIER = "";
				SUPPORTED_PLATFORMS = "iphoneos iphonesimulator";
				SUPPORTS_MACCATALYST = NO;
				SUPPORTS_MAC_DESIGNED_FOR_IPHONE_IPAD = NO;
				SUPPORTS_XR_DESIGNED_FOR_IPHONE_IPAD = NO;
				SWIFT_EMIT_LOC_STRINGS = YES;
				SWIFT_VERSION = 5.0;
				TARGETED_DEVICE_FAMILY = 1;
			};
			name = Debug;
		};
		B71550DD2CF951A0000AFACB /* Release */ = {
			isa = XCBuildConfiguration;
			buildSettings = {
				ASSETCATALOG_COMPILER_APPICON_NAME = AppIcon;
				ASSETCATALOG_COMPILER_GLOBAL_ACCENT_COLOR_NAME = AccentColor;
				ASSETCATALOG_COMPILER_INCLUDE_ALL_APPICON_ASSETS = NO;
				CODE_SIGN_ENTITLEMENTS = bonsai/bonsai.entitlements;
				CODE_SIGN_IDENTITY = "Apple Development";
				CODE_SIGN_STYLE = Automatic;
				CURRENT_PROJECT_VERSION = 1;
				DEVELOPMENT_ASSET_PATHS = "\"bonsai/Preview Content\"";
				DEVELOPMENT_TEAM = KGKP88X28G;
				ENABLE_PREVIEWS = YES;
				GENERATE_INFOPLIST_FILE = YES;
				INFOPLIST_FILE = bonsai/Info.plist;
				INFOPLIST_KEY_CFBundleDisplayName = Bonsai;
				INFOPLIST_KEY_LSApplicationCategoryType = "public.app-category.productivity";
				INFOPLIST_KEY_NSLocalNetworkUsageDescription = "This app requires access to local network resources to communicate with nearby devices.";
				INFOPLIST_KEY_NSNearbyInteractionUsageDescription = "This app requires access to local network resources to communicate with nearby devices.";
				INFOPLIST_KEY_UIApplicationSceneManifest_Generation = YES;
				INFOPLIST_KEY_UIApplicationSupportsIndirectInputEvents = YES;
				INFOPLIST_KEY_UILaunchScreen_Generation = YES;
				INFOPLIST_KEY_UISupportedInterfaceOrientations = UIInterfaceOrientationPortrait;
				IPHONEOS_DEPLOYMENT_TARGET = 18.0;
				LD_RUNPATH_SEARCH_PATHS = (
					"$(inherited)",
					"@executable_path/Frameworks",
				);
				MARKETING_VERSION = 1.0;
				PRODUCT_BUNDLE_IDENTIFIER = com.bonsai.inc;
				PRODUCT_NAME = "$(TARGET_NAME)";
				PROVISIONING_PROFILE_SPECIFIER = "";
				SUPPORTED_PLATFORMS = "iphoneos iphonesimulator";
				SUPPORTS_MACCATALYST = NO;
				SUPPORTS_MAC_DESIGNED_FOR_IPHONE_IPAD = NO;
				SUPPORTS_XR_DESIGNED_FOR_IPHONE_IPAD = NO;
				SWIFT_EMIT_LOC_STRINGS = YES;
				SWIFT_VERSION = 5.0;
				TARGETED_DEVICE_FAMILY = 1;
			};
			name = Release;
		};
		B715514C2CF96667000AFACB /* Debug */ = {
			isa = XCBuildConfiguration;
			buildSettings = {
				CODE_SIGN_ENTITLEMENTS = deviceactivitymonitor/deviceactivitymonitor.entitlements;
				CODE_SIGN_IDENTITY = "Apple Development";
				CODE_SIGN_STYLE = Automatic;
				CURRENT_PROJECT_VERSION = 1;
				DEVELOPMENT_TEAM = KGKP88X28G;
				GENERATE_INFOPLIST_FILE = YES;
				INFOPLIST_FILE = deviceactivitymonitor/Info.plist;
				INFOPLIST_KEY_CFBundleDisplayName = DeviceActivityMonitor;
				INFOPLIST_KEY_NSHumanReadableCopyright = "";
				LD_RUNPATH_SEARCH_PATHS = (
					"$(inherited)",
					"@executable_path/Frameworks",
					"@executable_path/../../Frameworks",
				);
				MARKETING_VERSION = 1.0;
				PRODUCT_BUNDLE_IDENTIFIER = com.bonsai.inc.DeviceActivityMonitorId;
				PRODUCT_NAME = "$(TARGET_NAME)";
				PROVISIONING_PROFILE_SPECIFIER = "";
				SKIP_INSTALL = YES;
				SWIFT_EMIT_LOC_STRINGS = YES;
				SWIFT_VERSION = 5.0;
				TARGETED_DEVICE_FAMILY = "1,2";
			};
			name = Debug;
		};
		B715514D2CF96667000AFACB /* Release */ = {
			isa = XCBuildConfiguration;
			buildSettings = {
				CODE_SIGN_ENTITLEMENTS = deviceactivitymonitor/deviceactivitymonitor.entitlements;
				CODE_SIGN_IDENTITY = "Apple Development";
				CODE_SIGN_STYLE = Automatic;
				CURRENT_PROJECT_VERSION = 1;
				DEVELOPMENT_TEAM = KGKP88X28G;
				GENERATE_INFOPLIST_FILE = YES;
				INFOPLIST_FILE = deviceactivitymonitor/Info.plist;
				INFOPLIST_KEY_CFBundleDisplayName = DeviceActivityMonitor;
				INFOPLIST_KEY_NSHumanReadableCopyright = "";
				LD_RUNPATH_SEARCH_PATHS = (
					"$(inherited)",
					"@executable_path/Frameworks",
					"@executable_path/../../Frameworks",
				);
				MARKETING_VERSION = 1.0;
				PRODUCT_BUNDLE_IDENTIFIER = com.bonsai.inc.DeviceActivityMonitorId;
				PRODUCT_NAME = "$(TARGET_NAME)";
				PROVISIONING_PROFILE_SPECIFIER = "";
				SKIP_INSTALL = YES;
				SWIFT_EMIT_LOC_STRINGS = YES;
				SWIFT_VERSION = 5.0;
				TARGETED_DEVICE_FAMILY = "1,2";
			};
			name = Release;
		};
		B715517F2CFABBF4000AFACB /* Debug */ = {
			isa = XCBuildConfiguration;
			buildSettings = {
				CODE_SIGN_ENTITLEMENTS = deviceactivityreport/deviceactivityreport.entitlements;
				CODE_SIGN_IDENTITY = "Apple Development";
				CODE_SIGN_STYLE = Automatic;
				CURRENT_PROJECT_VERSION = 1;
				DEVELOPMENT_TEAM = KGKP88X28G;
				GENERATE_INFOPLIST_FILE = YES;
				INFOPLIST_FILE = deviceactivityreport/Info.plist;
				INFOPLIST_KEY_CFBundleDisplayName = DeviceActivityReport;
				INFOPLIST_KEY_NSHumanReadableCopyright = "";
				LD_RUNPATH_SEARCH_PATHS = (
					"$(inherited)",
					"@executable_path/Frameworks",
					"@executable_path/../../Frameworks",
				);
				MARKETING_VERSION = 1.0;
				PRODUCT_BUNDLE_IDENTIFIER = com.bonsai.inc.DeviceActivityReportId;
				PRODUCT_NAME = "$(TARGET_NAME)";
				PROVISIONING_PROFILE_SPECIFIER = "";
				SKIP_INSTALL = YES;
				SWIFT_EMIT_LOC_STRINGS = YES;
				SWIFT_VERSION = 5.0;
				TARGETED_DEVICE_FAMILY = "1,2";
			};
			name = Debug;
		};
		B71551802CFABBF4000AFACB /* Release */ = {
			isa = XCBuildConfiguration;
			buildSettings = {
				CODE_SIGN_ENTITLEMENTS = deviceactivityreport/deviceactivityreport.entitlements;
				CODE_SIGN_IDENTITY = "Apple Development";
				CODE_SIGN_STYLE = Automatic;
				CURRENT_PROJECT_VERSION = 1;
				DEVELOPMENT_TEAM = KGKP88X28G;
				GENERATE_INFOPLIST_FILE = YES;
				INFOPLIST_FILE = deviceactivityreport/Info.plist;
				INFOPLIST_KEY_CFBundleDisplayName = DeviceActivityReport;
				INFOPLIST_KEY_NSHumanReadableCopyright = "";
				LD_RUNPATH_SEARCH_PATHS = (
					"$(inherited)",
					"@executable_path/Frameworks",
					"@executable_path/../../Frameworks",
				);
				MARKETING_VERSION = 1.0;
				PRODUCT_BUNDLE_IDENTIFIER = com.bonsai.inc.DeviceActivityReportId;
				PRODUCT_NAME = "$(TARGET_NAME)";
				PROVISIONING_PROFILE_SPECIFIER = "";
				SKIP_INSTALL = YES;
				SWIFT_EMIT_LOC_STRINGS = YES;
				SWIFT_VERSION = 5.0;
				TARGETED_DEVICE_FAMILY = "1,2";
			};
			name = Release;
		};
		B76F62092D03FFE20092DA9E /* Debug */ = {
			isa = XCBuildConfiguration;
			buildSettings = {
				CODE_SIGN_ENTITLEMENTS = shieldConfiguration/shieldConfiguration.entitlements;
				CODE_SIGN_IDENTITY = "Apple Development";
				CODE_SIGN_STYLE = Automatic;
				CURRENT_PROJECT_VERSION = 1;
				DEVELOPMENT_TEAM = KGKP88X28G;
				GENERATE_INFOPLIST_FILE = YES;
				INFOPLIST_FILE = shieldConfiguration/Info.plist;
				INFOPLIST_KEY_CFBundleDisplayName = ShieldConfiguration;
				INFOPLIST_KEY_NSHumanReadableCopyright = "";
				LD_RUNPATH_SEARCH_PATHS = (
					"$(inherited)",
					"@executable_path/Frameworks",
					"@executable_path/../../Frameworks",
				);
				MARKETING_VERSION = 1.0;
				PRODUCT_BUNDLE_IDENTIFIER = com.bonsai.inc.ShieldConfigurationId;
				PRODUCT_NAME = "$(TARGET_NAME)";
				PROVISIONING_PROFILE_SPECIFIER = "";
				SKIP_INSTALL = YES;
				SWIFT_EMIT_LOC_STRINGS = YES;
				SWIFT_VERSION = 5.0;
				TARGETED_DEVICE_FAMILY = "1,2";
			};
			name = Debug;
		};
		B76F620A2D03FFE20092DA9E /* Release */ = {
			isa = XCBuildConfiguration;
			buildSettings = {
				CODE_SIGN_ENTITLEMENTS = shieldConfiguration/shieldConfiguration.entitlements;
				CODE_SIGN_IDENTITY = "Apple Development";
				CODE_SIGN_STYLE = Automatic;
				CURRENT_PROJECT_VERSION = 1;
				DEVELOPMENT_TEAM = KGKP88X28G;
				GENERATE_INFOPLIST_FILE = YES;
				INFOPLIST_FILE = shieldConfiguration/Info.plist;
				INFOPLIST_KEY_CFBundleDisplayName = ShieldConfiguration;
				INFOPLIST_KEY_NSHumanReadableCopyright = "";
				LD_RUNPATH_SEARCH_PATHS = (
					"$(inherited)",
					"@executable_path/Frameworks",
					"@executable_path/../../Frameworks",
				);
				MARKETING_VERSION = 1.0;
				PRODUCT_BUNDLE_IDENTIFIER = com.bonsai.inc.ShieldConfigurationId;
				PRODUCT_NAME = "$(TARGET_NAME)";
				PROVISIONING_PROFILE_SPECIFIER = "";
				SKIP_INSTALL = YES;
				SWIFT_EMIT_LOC_STRINGS = YES;
				SWIFT_VERSION = 5.0;
				TARGETED_DEVICE_FAMILY = "1,2";
			};
			name = Release;
		};
		B77B2DD82DB9FAAC0018F685 /* Debug */ = {
			isa = XCBuildConfiguration;
			buildSettings = {
				CODE_SIGN_ENTITLEMENTS = ShieldActionExtension/ShieldActionExtension.entitlements;
				CODE_SIGN_IDENTITY = "Apple Development";
				CODE_SIGN_STYLE = Automatic;
				CURRENT_PROJECT_VERSION = 1;
				DEVELOPMENT_TEAM = KGKP88X28G;
				GENERATE_INFOPLIST_FILE = YES;
				INFOPLIST_FILE = ShieldActionExtension/Info.plist;
				INFOPLIST_KEY_CFBundleDisplayName = ShieldActionExtension;
				INFOPLIST_KEY_NSHumanReadableCopyright = "";
				IPHONEOS_DEPLOYMENT_TARGET = 18.2;
				LD_RUNPATH_SEARCH_PATHS = (
					"$(inherited)",
					"@executable_path/Frameworks",
					"@executable_path/../../Frameworks",
				);
				MARKETING_VERSION = 1.0;
				PRODUCT_BUNDLE_IDENTIFIER = com.bonsai.inc.ShieldActionExtId;
				PRODUCT_NAME = "$(TARGET_NAME)";
				PROVISIONING_PROFILE_SPECIFIER = "";
				SKIP_INSTALL = YES;
				SWIFT_EMIT_LOC_STRINGS = YES;
				SWIFT_VERSION = 5.0;
				TARGETED_DEVICE_FAMILY = "1,2";
			};
			name = Debug;
		};
		B77B2DD92DB9FAAC0018F685 /* Release */ = {
			isa = XCBuildConfiguration;
			buildSettings = {
				CODE_SIGN_ENTITLEMENTS = ShieldActionExtension/ShieldActionExtension.entitlements;
				CODE_SIGN_IDENTITY = "Apple Development";
				CODE_SIGN_STYLE = Automatic;
				CURRENT_PROJECT_VERSION = 1;
				DEVELOPMENT_TEAM = KGKP88X28G;
				GENERATE_INFOPLIST_FILE = YES;
				INFOPLIST_FILE = ShieldActionExtension/Info.plist;
				INFOPLIST_KEY_CFBundleDisplayName = ShieldActionExtension;
				INFOPLIST_KEY_NSHumanReadableCopyright = "";
				IPHONEOS_DEPLOYMENT_TARGET = 18.2;
				LD_RUNPATH_SEARCH_PATHS = (
					"$(inherited)",
					"@executable_path/Frameworks",
					"@executable_path/../../Frameworks",
				);
				MARKETING_VERSION = 1.0;
				PRODUCT_BUNDLE_IDENTIFIER = com.bonsai.inc.ShieldActionExtId;
				PRODUCT_NAME = "$(TARGET_NAME)";
				PROVISIONING_PROFILE_SPECIFIER = "";
				SKIP_INSTALL = YES;
				SWIFT_EMIT_LOC_STRINGS = YES;
				SWIFT_VERSION = 5.0;
				TARGETED_DEVICE_FAMILY = "1,2";
			};
			name = Release;
		};
/* End XCBuildConfiguration section */

/* Begin XCConfigurationList section */
		B71550B22CF9519F000AFACB /* Build configuration list for PBXProject "bonsai" */ = {
			isa = XCConfigurationList;
			buildConfigurations = (
				B71550D92CF951A0000AFACB /* Debug */,
				B71550DA2CF951A0000AFACB /* Release */,
			);
			defaultConfigurationIsVisible = 0;
			defaultConfigurationName = Release;
		};
		B71550DB2CF951A0000AFACB /* Build configuration list for PBXNativeTarget "Bonsai" */ = {
			isa = XCConfigurationList;
			buildConfigurations = (
				B71550DC2CF951A0000AFACB /* Debug */,
				B71550DD2CF951A0000AFACB /* Release */,
			);
			defaultConfigurationIsVisible = 0;
			defaultConfigurationName = Release;
		};
		B715514B2CF96667000AFACB /* Build configuration list for PBXNativeTarget "DeviceActivityMonitor" */ = {
			isa = XCConfigurationList;
			buildConfigurations = (
				B715514C2CF96667000AFACB /* Debug */,
				B715514D2CF96667000AFACB /* Release */,
			);
			defaultConfigurationIsVisible = 0;
			defaultConfigurationName = Release;
		};
		B715517E2CFABBF4000AFACB /* Build configuration list for PBXNativeTarget "DeviceActivityReport" */ = {
			isa = XCConfigurationList;
			buildConfigurations = (
				B715517F2CFABBF4000AFACB /* Debug */,
				B71551802CFABBF4000AFACB /* Release */,
			);
			defaultConfigurationIsVisible = 0;
			defaultConfigurationName = Release;
		};
		B76F620C2D03FFE20092DA9E /* Build configuration list for PBXNativeTarget "ShieldConfiguration" */ = {
			isa = XCConfigurationList;
			buildConfigurations = (
				B76F62092D03FFE20092DA9E /* Debug */,
				B76F620A2D03FFE20092DA9E /* Release */,
			);
			defaultConfigurationIsVisible = 0;
			defaultConfigurationName = Release;
		};
		B77B2DD72DB9FAAC0018F685 /* Build configuration list for PBXNativeTarget "ShieldActionExtension" */ = {
			isa = XCConfigurationList;
			buildConfigurations = (
				B77B2DD82DB9FAAC0018F685 /* Debug */,
				B77B2DD92DB9FAAC0018F685 /* Release */,
			);
			defaultConfigurationIsVisible = 0;
			defaultConfigurationName = Release;
		};
/* End XCConfigurationList section */

/* Begin XCRemoteSwiftPackageReference section */
		242A1FC32D274E5200D5CD5E /* XCRemoteSwiftPackageReference "iPhoneNumberField" */ = {
			isa = XCRemoteSwiftPackageReference;
			repositoryURL = "https://github.com/MojtabaHs/iPhoneNumberField";
			requirement = {
				kind = upToNextMajorVersion;
				minimumVersion = 0.10.4;
			};
		};
		24B643B12E37A67300438A37 /* XCRemoteSwiftPackageReference "otpview-swiftui" */ = {
			isa = XCRemoteSwiftPackageReference;
			repositoryURL = "https://github.com/mukeshsolanki/otpview-swiftui";
			requirement = {
				kind = upToNextMajorVersion;
				minimumVersion = 1.0.0;
			};
		};
		24D629412E351C7A006AE72E /* XCRemoteSwiftPackageReference "swift-confidential" */ = {
			isa = XCRemoteSwiftPackageReference;
			repositoryURL = "https://github.com/securevale/swift-confidential";
			requirement = {
				kind = upToNextMajorVersion;
				minimumVersion = 0.4.1;
			};
		};
		24D629442E351CAA006AE72E /* XCRemoteSwiftPackageReference "swift-confidential-plugin" */ = {
			isa = XCRemoteSwiftPackageReference;
			repositoryURL = "https://github.com/securevale/swift-confidential-plugin";
			requirement = {
				kind = upToNextMajorVersion;
				minimumVersion = 0.4.1;
			};
		};
		24EF2EC62E969C5900AD9B9A /* XCRemoteSwiftPackageReference "CountryPickerView" */ = {
			isa = XCRemoteSwiftPackageReference;
			repositoryURL = "https://github.com/kizitonwose/CountryPickerView";
			requirement = {
				kind = upToNextMajorVersion;
				minimumVersion = 3.3.0;
			};
		};
		A78D2F1D2DC46B6E001375B1 /* XCRemoteSwiftPackageReference "GRDB" */ = {
			isa = XCRemoteSwiftPackageReference;
			repositoryURL = "https://github.com/groue/GRDB.swift";
			requirement = {
				branch = master;
				kind = branch;
			};
		};
/* End XCRemoteSwiftPackageReference section */

/* Begin XCSwiftPackageProductDependency section */
		2405959B2E4A13E300D6C3B5 /* GRDB */ = {
			isa = XCSwiftPackageProductDependency;
			package = A78D2F1D2DC46B6E001375B1 /* XCRemoteSwiftPackageReference "GRDB" */;
			productName = GRDB;
		};
		2405959D2E4A13EB00D6C3B5 /* GRDB */ = {
			isa = XCSwiftPackageProductDependency;
			package = A78D2F1D2DC46B6E001375B1 /* XCRemoteSwiftPackageReference "GRDB" */;
			productName = GRDB;
		};
		242A1FC42D274E8200D5CD5E /* iPhoneNumberField */ = {
			isa = XCSwiftPackageProductDependency;
			package = 242A1FC32D274E5200D5CD5E /* XCRemoteSwiftPackageReference "iPhoneNumberField" */;
			productName = iPhoneNumberField;
		};
		24B643B22E37A67300438A37 /* OTPView */ = {
			isa = XCSwiftPackageProductDependency;
			package = 24B643B12E37A67300438A37 /* XCRemoteSwiftPackageReference "otpview-swiftui" */;
			productName = OTPView;
		};
		24D629422E351C7A006AE72E /* ConfidentialKit */ = {
			isa = XCSwiftPackageProductDependency;
			package = 24D629412E351C7A006AE72E /* XCRemoteSwiftPackageReference "swift-confidential" */;
			productName = ConfidentialKit;
		};
		24D629452E351CCD006AE72E /* Confidential */ = {
			isa = XCSwiftPackageProductDependency;
			package = 24D629442E351CAA006AE72E /* XCRemoteSwiftPackageReference "swift-confidential-plugin" */;
			productName = "plugin:Confidential";
		};
		24EF2EC72E969C5900AD9B9A /* CountryPickerView */ = {
			isa = XCSwiftPackageProductDependency;
			package = 24EF2EC62E969C5900AD9B9A /* XCRemoteSwiftPackageReference "CountryPickerView" */;
			productName = CountryPickerView;
		};
		A78D2F1E2DC46B6E001375B1 /* GRDB */ = {
			isa = XCSwiftPackageProductDependency;
			package = A78D2F1D2DC46B6E001375B1 /* XCRemoteSwiftPackageReference "GRDB" */;
			productName = GRDB;
		};
/* End XCSwiftPackageProductDependency section */
	};
	rootObject = B71550AF2CF9519F000AFACB /* Project object */;
}
